
Microsoft Visual Studio Solution File, Format Version 12.00
# Visual Studio 15
VisualStudioVersion = 15.0.28307.271
MinimumVisualStudioVersion = 10.0.40219.1
Project("{FAE04EC0-301F-11D3-BF4B-00C04F79EFBC}") = "LoginFormTests", "LoginFormTests\LoginFormTests.csproj", "{CDAE1CF9-7917-4B3C-8109-C4D4D7DE9261}"
EndProject
Global
	GlobalSection(SolutionConfigurationPlatforms) = preSolution
		Debug|Any CPU = Debug|Any CPU
		Release|Any CPU = Release|Any CPU
	EndGlobalSection
	GlobalSection(ProjectConfigurationPlatforms) = postSolution
		{CDAE1CF9-7917-4B3C-8109-C4D4D7DE9261}.Debug|Any CPU.ActiveCfg = Debug|Any CPU
		{CDAE1CF9-7917-4B3C-8109-C4D4D7DE9261}.Debug|Any CPU.Build.0 = Debug|Any CPU
		{CDAE1CF9-7917-4B3C-8109-C4D4D7DE9261}.Release|Any CPU.ActiveCfg = Release|Any CPU
		{CDAE1CF9-7917-4B3C-8109-C4D4D7DE9261}.Release|Any CPU.Build.0 = Release|Any CPU
	EndGlobalSection
	GlobalSection(SolutionProperties) = preSolution
		HideSolutionNode = FALSE
	EndGlobalSection
	GlobalSection(ExtensibilityGlobals) = postSolution
		SolutionGuid = {BBE317A2-B58A-43CD-A0B9-81049D1B4BB7}
	EndGlobalSection
EndGlobal
